
Microsoft Visual Studio Solution File, Format Version 12.00
# Visual Studio Version 17
VisualStudioVersion = 17.10.35027.167
MinimumVisualStudioVersion = 10.0.40219.1
Project("{FAE04EC0-301F-11D3-BF4B-00C04F79EFBC}") = "StormPredictionCenter", "StormPredictionCenter\StormPredictionCenter.csproj", "{F2FDF4B2-0740-43A2-92AA-5066C33EBCB7}"
EndProject
Global
	GlobalSection(SolutionConfigurationPlatforms) = preSolution
		Debug|Any CPU = Debug|Any CPU
		Release|Any CPU = Release|Any CPU
	EndGlobalSection
	GlobalSection(ProjectConfigurationPlatforms) = postSolution
		{F2FDF4B2-0740-43A2-92AA-5066C33EBCB7}.Debug|Any CPU.ActiveCfg = Debug|Any CPU
		{F2FDF4B2-0740-43A2-92AA-5066C33EBCB7}.Debug|Any CPU.Build.0 = Debug|Any CPU
		{F2FDF4B2-0740-43A2-92AA-5066C33EBCB7}.Release|Any CPU.ActiveCfg = Release|Any CPU
		{F2FDF4B2-0740-43A2-92AA-5066C33EBCB7}.Release|Any CPU.Build.0 = Release|Any CPU
	EndGlobalSection
	GlobalSection(SolutionProperties) = preSolution
		HideSolutionNode = FALSE
	EndGlobalSection
	GlobalSection(ExtensibilityGlobals) = postSolution
		SolutionGuid = {DAB51E78-BCA4-4478-9A8B-E6434D32D5B8}
	EndGlobalSection
EndGlobal
